
Microsoft Visual Studio Solution File, Format Version 12.00
# Visual Studio Version 17
VisualStudioVersion = 17.0.31903.59
MinimumVisualStudioVersion = 10.0.40219.1
Project("{2150E333-8FDC-42A3-9474-1A3956D46DE8}") = "src", "src", "{601DB2BE-4608-4E65-9638-D3D61E718EEB}"
EndProject
Project("{2150E333-8FDC-42A3-9474-1A3956D46DE8}") = "Solution Items", "Solution Items", "{3987401C-A190-4A12-A26B-203687853EEC}"
	ProjectSection(SolutionItems) = preProject
		ServiceUrls.txt = ServiceUrls.txt
	EndProjectSection
EndProject
Project("{2150E333-8FDC-42A3-9474-1A3956D46DE8}") = "ApiGateways", "ApiGateways", "{346A27F8-4056-4A04-A719-B80FE6A55DBB}"
EndProject
Project("{2150E333-8FDC-42A3-9474-1A3956D46DE8}") = "BuildingBlocks", "BuildingBlocks", "{702E0275-DB45-45CE-9DD6-93A70BE18122}"
EndProject
Project("{2150E333-8FDC-42A3-9474-1A3956D46DE8}") = "Services", "Services", "{81545899-6A37-4398-B36B-01FEA8F18287}"
EndProject
Project("{2150E333-8FDC-42A3-9474-1A3956D46DE8}") = "Clients", "Clients", "{DDAC9921-1579-4382-A65D-DD51E4A6D732}"
EndProject
Project("{2150E333-8FDC-42A3-9474-1A3956D46DE8}") = "WebApiGateway", "WebApiGateway", "{BA2E1303-EBA1-4EBD-8DA4-AF354C24AB6B}"
EndProject
Project("{2150E333-8FDC-42A3-9474-1A3956D46DE8}") = "EventBus", "EventBus", "{26113018-CF27-4051-B40C-0904A6D91AA2}"
EndProject
Project("{9A19103F-16F7-4668-BE54-9A1E7A4F7556}") = "Web.ApiGateway", "src\ApiGateways\WebApiGateway\Web.ApiGateway\Web.ApiGateway.csproj", "{23412861-B1D4-4DF9-9AE8-8B8BD96110B4}"
EndProject
Project("{9A19103F-16F7-4668-BE54-9A1E7A4F7556}") = "EventBus.Base", "src\BuildingBlocks\EvetnBus\EventBus.Base\EventBus.Base.csproj", "{A1ECA621-BCD3-4104-8254-39F173C76C32}"
EndProject
Project("{9A19103F-16F7-4668-BE54-9A1E7A4F7556}") = "EventBus.Factory", "src\BuildingBlocks\EvetnBus\EventBus.Factory\EventBus.Factory.csproj", "{E71664E9-DEF8-4327-934F-4CF61F1B68F3}"
EndProject
Project("{9A19103F-16F7-4668-BE54-9A1E7A4F7556}") = "EventBus.AzureServiceBus", "src\BuildingBlocks\EvetnBus\EventBus.AzureServiceBus\EventBus.AzureServiceBus.csproj", "{06190070-8DA9-4AC5-8B1E-8C2272006AC5}"
EndProject
Project("{9A19103F-16F7-4668-BE54-9A1E7A4F7556}") = "EventBus.RabbitMQ", "src\BuildingBlocks\EvetnBus\EventBus.RabbitMQ\EventBus.RabbitMQ.csproj", "{B2B142EA-6FD6-4ACD-BD98-8D3D55AC8373}"
EndProject
Project("{2150E333-8FDC-42A3-9474-1A3956D46DE8}") = "BlazorWebApp", "BlazorWebApp", "{5C341058-3F25-4122-9652-36CF6EB4E25E}"
EndProject
Project("{9A19103F-16F7-4668-BE54-9A1E7A4F7556}") = "WebApp", "src\Clients\BlazorWebApp\WebApp\WebApp.csproj", "{28BDF6ED-8C23-44A2-A952-69AAC25B76EA}"
EndProject
Project("{2150E333-8FDC-42A3-9474-1A3956D46DE8}") = "BasketService", "BasketService", "{D9F176E3-E068-42E6-AE1F-BBA7A6C0EF64}"
EndProject
Project("{2150E333-8FDC-42A3-9474-1A3956D46DE8}") = "CatalogService", "CatalogService", "{67B84A75-DD28-4834-9BBC-3E2829F09BF7}"
EndProject
Project("{2150E333-8FDC-42A3-9474-1A3956D46DE8}") = "IdentityService", "IdentityService", "{5181680D-01D0-4D2C-9397-59E17A1C8366}"
EndProject
Project("{9A19103F-16F7-4668-BE54-9A1E7A4F7556}") = "BasketService.Api", "src\Services\BasketService\BasketService.Api\BasketService.Api.csproj", "{180DA65B-015C-4E30-BC0E-272D1BDB8E34}"
EndProject
Project("{9A19103F-16F7-4668-BE54-9A1E7A4F7556}") = "CatalogService.Api", "src\Services\CatalogService\CatalogService.Api\CatalogService.Api.csproj", "{1C648563-239D-45DB-B345-8D0A87664746}"
EndProject
Project("{9A19103F-16F7-4668-BE54-9A1E7A4F7556}") = "IdentityService.Api", "src\Services\IdentityService\IdentityService.Api\IdentityService.Api.csproj", "{A4F9970F-CCFE-4D0A-8800-CF47E283791C}"
EndProject
Project("{2150E333-8FDC-42A3-9474-1A3956D46DE8}") = "NotifactionService", "NotifactionService", "{986BFE97-E955-40D6-A41E-12F1682561AC}"
EndProject
Project("{9A19103F-16F7-4668-BE54-9A1E7A4F7556}") = "NotifactionService", "src\Services\NotifactionService\NotifactionService\NotifactionService.csproj", "{02AA2A6F-18D4-457E-B114-6423348D43CE}"
EndProject
Project("{2150E333-8FDC-42A3-9474-1A3956D46DE8}") = "OrderService", "OrderService", "{6723B1C3-9BCA-40A3-93AB-42F3738017F7}"
EndProject
Project("{9A19103F-16F7-4668-BE54-9A1E7A4F7556}") = "OrderService.Application", "src\OrderService\OrderService.Application\OrderService.Application\OrderService.Application.csproj", "{4E66A6B9-62D7-4DBD-BA92-F3463CEB4EEC}"
EndProject
Project("{9A19103F-16F7-4668-BE54-9A1E7A4F7556}") = "OrderService.Domain", "src\OrderService\OrderService.Domain\OrderService.Domain\OrderService.Domain.csproj", "{012D1AF5-28E3-4FB6-B480-F7C4F5CDB197}"
EndProject
Project("{9A19103F-16F7-4668-BE54-9A1E7A4F7556}") = "OrderService.Infrastructure", "src\OrderService\OrderService.Infrastructure\OrderService.Infrastructure\OrderService.Infrastructure.csproj", "{C052C4C5-59DC-4650-BD5C-D782DBA4D08F}"
EndProject
Project("{9A19103F-16F7-4668-BE54-9A1E7A4F7556}") = "OrderService.Api", "src\OrderService\OrderService.Api\OrderService.Api\OrderService.Api.csproj", "{B5A08552-5A6F-46E0-911C-D1F83C603F3B}"
EndProject
Project("{2150E333-8FDC-42A3-9474-1A3956D46DE8}") = "PaymentService", "PaymentService", "{2C3F7DB5-24AD-4C32-B685-73EB1C4F8606}"
EndProject
Project("{9A19103F-16F7-4668-BE54-9A1E7A4F7556}") = "PaymentService.Api", "src\PaymentService\PaymentService.Api\PaymentService.Api.csproj", "{35E03C7B-B462-4E9A-8AF7-FED967F1E5BA}"
EndProject
Global
	GlobalSection(SolutionConfigurationPlatforms) = preSolution
		Debug|Any CPU = Debug|Any CPU
		Release|Any CPU = Release|Any CPU
	EndGlobalSection
	GlobalSection(ProjectConfigurationPlatforms) = postSolution
		{23412861-B1D4-4DF9-9AE8-8B8BD96110B4}.Debug|Any CPU.ActiveCfg = Debug|Any CPU
		{23412861-B1D4-4DF9-9AE8-8B8BD96110B4}.Debug|Any CPU.Build.0 = Debug|Any CPU
		{23412861-B1D4-4DF9-9AE8-8B8BD96110B4}.Release|Any CPU.ActiveCfg = Release|Any CPU
		{23412861-B1D4-4DF9-9AE8-8B8BD96110B4}.Release|Any CPU.Build.0 = Release|Any CPU
		{A1ECA621-BCD3-4104-8254-39F173C76C32}.Debug|Any CPU.ActiveCfg = Debug|Any CPU
		{A1ECA621-BCD3-4104-8254-39F173C76C32}.Debug|Any CPU.Build.0 = Debug|Any CPU
		{A1ECA621-BCD3-4104-8254-39F173C76C32}.Release|Any CPU.ActiveCfg = Release|Any CPU
		{A1ECA621-BCD3-4104-8254-39F173C76C32}.Release|Any CPU.Build.0 = Release|Any CPU
		{E71664E9-DEF8-4327-934F-4CF61F1B68F3}.Debug|Any CPU.ActiveCfg = Debug|Any CPU
		{E71664E9-DEF8-4327-934F-4CF61F1B68F3}.Debug|Any CPU.Build.0 = Debug|Any CPU
		{E71664E9-DEF8-4327-934F-4CF61F1B68F3}.Release|Any CPU.ActiveCfg = Release|Any CPU
		{E71664E9-DEF8-4327-934F-4CF61F1B68F3}.Release|Any CPU.Build.0 = Release|Any CPU
		{06190070-8DA9-4AC5-8B1E-8C2272006AC5}.Debug|Any CPU.ActiveCfg = Debug|Any CPU
		{06190070-8DA9-4AC5-8B1E-8C2272006AC5}.Debug|Any CPU.Build.0 = Debug|Any CPU
		{06190070-8DA9-4AC5-8B1E-8C2272006AC5}.Release|Any CPU.ActiveCfg = Release|Any CPU
		{06190070-8DA9-4AC5-8B1E-8C2272006AC5}.Release|Any CPU.Build.0 = Release|Any CPU
		{B2B142EA-6FD6-4ACD-BD98-8D3D55AC8373}.Debug|Any CPU.ActiveCfg = Debug|Any CPU
		{B2B142EA-6FD6-4ACD-BD98-8D3D55AC8373}.Debug|Any CPU.Build.0 = Debug|Any CPU
		{B2B142EA-6FD6-4ACD-BD98-8D3D55AC8373}.Release|Any CPU.ActiveCfg = Release|Any CPU
		{B2B142EA-6FD6-4ACD-BD98-8D3D55AC8373}.Release|Any CPU.Build.0 = Release|Any CPU
		{28BDF6ED-8C23-44A2-A952-69AAC25B76EA}.Debug|Any CPU.ActiveCfg = Debug|Any CPU
		{28BDF6ED-8C23-44A2-A952-69AAC25B76EA}.Debug|Any CPU.Build.0 = Debug|Any CPU
		{28BDF6ED-8C23-44A2-A952-69AAC25B76EA}.Release|Any CPU.ActiveCfg = Release|Any CPU
		{28BDF6ED-8C23-44A2-A952-69AAC25B76EA}.Release|Any CPU.Build.0 = Release|Any CPU
		{180DA65B-015C-4E30-BC0E-272D1BDB8E34}.Debug|Any CPU.ActiveCfg = Debug|Any CPU
		{180DA65B-015C-4E30-BC0E-272D1BDB8E34}.Debug|Any CPU.Build.0 = Debug|Any CPU
		{180DA65B-015C-4E30-BC0E-272D1BDB8E34}.Release|Any CPU.ActiveCfg = Release|Any CPU
		{180DA65B-015C-4E30-BC0E-272D1BDB8E34}.Release|Any CPU.Build.0 = Release|Any CPU
		{1C648563-239D-45DB-B345-8D0A87664746}.Debug|Any CPU.ActiveCfg = Debug|Any CPU
		{1C648563-239D-45DB-B345-8D0A87664746}.Debug|Any CPU.Build.0 = Debug|Any CPU
		{1C648563-239D-45DB-B345-8D0A87664746}.Release|Any CPU.ActiveCfg = Release|Any CPU
		{1C648563-239D-45DB-B345-8D0A87664746}.Release|Any CPU.Build.0 = Release|Any CPU
		{A4F9970F-CCFE-4D0A-8800-CF47E283791C}.Debug|Any CPU.ActiveCfg = Debug|Any CPU
		{A4F9970F-CCFE-4D0A-8800-CF47E283791C}.Debug|Any CPU.Build.0 = Debug|Any CPU
		{A4F9970F-CCFE-4D0A-8800-CF47E283791C}.Release|Any CPU.ActiveCfg = Release|Any CPU
		{A4F9970F-CCFE-4D0A-8800-CF47E283791C}.Release|Any CPU.Build.0 = Release|Any CPU
		{02AA2A6F-18D4-457E-B114-6423348D43CE}.Debug|Any CPU.ActiveCfg = Debug|Any CPU
		{02AA2A6F-18D4-457E-B114-6423348D43CE}.Debug|Any CPU.Build.0 = Debug|Any CPU
		{02AA2A6F-18D4-457E-B114-6423348D43CE}.Release|Any CPU.ActiveCfg = Release|Any CPU
		{02AA2A6F-18D4-457E-B114-6423348D43CE}.Release|Any CPU.Build.0 = Release|Any CPU
		{4E66A6B9-62D7-4DBD-BA92-F3463CEB4EEC}.Debug|Any CPU.ActiveCfg = Debug|Any CPU
		{4E66A6B9-62D7-4DBD-BA92-F3463CEB4EEC}.Debug|Any CPU.Build.0 = Debug|Any CPU
		{4E66A6B9-62D7-4DBD-BA92-F3463CEB4EEC}.Release|Any CPU.ActiveCfg = Release|Any CPU
		{4E66A6B9-62D7-4DBD-BA92-F3463CEB4EEC}.Release|Any CPU.Build.0 = Release|Any CPU
		{012D1AF5-28E3-4FB6-B480-F7C4F5CDB197}.Debug|Any CPU.ActiveCfg = Debug|Any CPU
		{012D1AF5-28E3-4FB6-B480-F7C4F5CDB197}.Debug|Any CPU.Build.0 = Debug|Any CPU
		{012D1AF5-28E3-4FB6-B480-F7C4F5CDB197}.Release|Any CPU.ActiveCfg = Release|Any CPU
		{012D1AF5-28E3-4FB6-B480-F7C4F5CDB197}.Release|Any CPU.Build.0 = Release|Any CPU
		{C052C4C5-59DC-4650-BD5C-D782DBA4D08F}.Debug|Any CPU.ActiveCfg = Debug|Any CPU
		{C052C4C5-59DC-4650-BD5C-D782DBA4D08F}.Debug|Any CPU.Build.0 = Debug|Any CPU
		{C052C4C5-59DC-4650-BD5C-D782DBA4D08F}.Release|Any CPU.ActiveCfg = Release|Any CPU
		{C052C4C5-59DC-4650-BD5C-D782DBA4D08F}.Release|Any CPU.Build.0 = Release|Any CPU
		{B5A08552-5A6F-46E0-911C-D1F83C603F3B}.Debug|Any CPU.ActiveCfg = Debug|Any CPU
		{B5A08552-5A6F-46E0-911C-D1F83C603F3B}.Debug|Any CPU.Build.0 = Debug|Any CPU
		{B5A08552-5A6F-46E0-911C-D1F83C603F3B}.Release|Any CPU.ActiveCfg = Release|Any CPU
		{B5A08552-5A6F-46E0-911C-D1F83C603F3B}.Release|Any CPU.Build.0 = Release|Any CPU
		{35E03C7B-B462-4E9A-8AF7-FED967F1E5BA}.Debug|Any CPU.ActiveCfg = Debug|Any CPU
		{35E03C7B-B462-4E9A-8AF7-FED967F1E5BA}.Debug|Any CPU.Build.0 = Debug|Any CPU
		{35E03C7B-B462-4E9A-8AF7-FED967F1E5BA}.Release|Any CPU.ActiveCfg = Release|Any CPU
		{35E03C7B-B462-4E9A-8AF7-FED967F1E5BA}.Release|Any CPU.Build.0 = Release|Any CPU
	EndGlobalSection
	GlobalSection(SolutionProperties) = preSolution
		HideSolutionNode = FALSE
	EndGlobalSection
	GlobalSection(NestedProjects) = preSolution
		{346A27F8-4056-4A04-A719-B80FE6A55DBB} = {601DB2BE-4608-4E65-9638-D3D61E718EEB}
		{702E0275-DB45-45CE-9DD6-93A70BE18122} = {601DB2BE-4608-4E65-9638-D3D61E718EEB}
		{81545899-6A37-4398-B36B-01FEA8F18287} = {601DB2BE-4608-4E65-9638-D3D61E718EEB}
		{DDAC9921-1579-4382-A65D-DD51E4A6D732} = {601DB2BE-4608-4E65-9638-D3D61E718EEB}
		{BA2E1303-EBA1-4EBD-8DA4-AF354C24AB6B} = {346A27F8-4056-4A04-A719-B80FE6A55DBB}
		{26113018-CF27-4051-B40C-0904A6D91AA2} = {702E0275-DB45-45CE-9DD6-93A70BE18122}
		{23412861-B1D4-4DF9-9AE8-8B8BD96110B4} = {BA2E1303-EBA1-4EBD-8DA4-AF354C24AB6B}
		{A1ECA621-BCD3-4104-8254-39F173C76C32} = {26113018-CF27-4051-B40C-0904A6D91AA2}
		{E71664E9-DEF8-4327-934F-4CF61F1B68F3} = {26113018-CF27-4051-B40C-0904A6D91AA2}
		{06190070-8DA9-4AC5-8B1E-8C2272006AC5} = {26113018-CF27-4051-B40C-0904A6D91AA2}
		{B2B142EA-6FD6-4ACD-BD98-8D3D55AC8373} = {26113018-CF27-4051-B40C-0904A6D91AA2}
		{5C341058-3F25-4122-9652-36CF6EB4E25E} = {DDAC9921-1579-4382-A65D-DD51E4A6D732}
		{28BDF6ED-8C23-44A2-A952-69AAC25B76EA} = {5C341058-3F25-4122-9652-36CF6EB4E25E}
		{D9F176E3-E068-42E6-AE1F-BBA7A6C0EF64} = {81545899-6A37-4398-B36B-01FEA8F18287}
		{67B84A75-DD28-4834-9BBC-3E2829F09BF7} = {81545899-6A37-4398-B36B-01FEA8F18287}
		{5181680D-01D0-4D2C-9397-59E17A1C8366} = {81545899-6A37-4398-B36B-01FEA8F18287}
		{180DA65B-015C-4E30-BC0E-272D1BDB8E34} = {D9F176E3-E068-42E6-AE1F-BBA7A6C0EF64}
		{1C648563-239D-45DB-B345-8D0A87664746} = {67B84A75-DD28-4834-9BBC-3E2829F09BF7}
		{A4F9970F-CCFE-4D0A-8800-CF47E283791C} = {5181680D-01D0-4D2C-9397-59E17A1C8366}
		{986BFE97-E955-40D6-A41E-12F1682561AC} = {81545899-6A37-4398-B36B-01FEA8F18287}
		{02AA2A6F-18D4-457E-B114-6423348D43CE} = {986BFE97-E955-40D6-A41E-12F1682561AC}
		{6723B1C3-9BCA-40A3-93AB-42F3738017F7} = {81545899-6A37-4398-B36B-01FEA8F18287}
		{4E66A6B9-62D7-4DBD-BA92-F3463CEB4EEC} = {6723B1C3-9BCA-40A3-93AB-42F3738017F7}
		{012D1AF5-28E3-4FB6-B480-F7C4F5CDB197} = {6723B1C3-9BCA-40A3-93AB-42F3738017F7}
		{C052C4C5-59DC-4650-BD5C-D782DBA4D08F} = {6723B1C3-9BCA-40A3-93AB-42F3738017F7}
		{B5A08552-5A6F-46E0-911C-D1F83C603F3B} = {6723B1C3-9BCA-40A3-93AB-42F3738017F7}
		{2C3F7DB5-24AD-4C32-B685-73EB1C4F8606} = {81545899-6A37-4398-B36B-01FEA8F18287}
		{35E03C7B-B462-4E9A-8AF7-FED967F1E5BA} = {2C3F7DB5-24AD-4C32-B685-73EB1C4F8606}
	EndGlobalSection
	GlobalSection(ExtensibilityGlobals) = postSolution
		SolutionGuid = {496DBCF9-4FE0-420B-8BA7-2D380795E289}
	EndGlobalSection
EndGlobal
